
Microsoft Visual Studio Solution File, Format Version 11.00
# Visual C++ Express 2010
Project("{8BC9CEB8-8B4A-11D0-8D11-00A0C91BC942}") = "wdx_gitcmd", "wdx_gitcmd.vcxproj", "{EA684D40-285D-4A5B-A794-C2B843C0EA86}"
EndProject
Global
	GlobalSection(SolutionConfigurationPlatforms) = preSolution
		Debug|Win32 = Debug|Win32
		Debug|x64 = Debug|x64
		Release|Win32 = Release|Win32
		Release|x64 = Release|x64
	EndGlobalSection
	GlobalSection(ProjectConfigurationPlatforms) = postSolution
		{EA684D40-285D-4A5B-A794-C2B843C0EA86}.Debug|Win32.ActiveCfg = Debug|Win32
		{EA684D40-285D-4A5B-A794-C2B843C0EA86}.Debug|Win32.Build.0 = Debug|Win32
		{EA684D40-285D-4A5B-A794-C2B843C0EA86}.Debug|x64.ActiveCfg = Debug|x64
		{EA684D40-285D-4A5B-A794-C2B843C0EA86}.Debug|x64.Build.0 = Debug|x64
		{EA684D40-285D-4A5B-A794-C2B843C0EA86}.Release|Win32.ActiveCfg = Release|Win32
		{EA684D40-285D-4A5B-A794-C2B843C0EA86}.Release|Win32.Build.0 = Release|Win32
		{EA684D40-285D-4A5B-A794-C2B843C0EA86}.Release|x64.ActiveCfg = Release|x64
		{EA684D40-285D-4A5B-A794-C2B843C0EA86}.Release|x64.Build.0 = Release|x64
	EndGlobalSection
	GlobalSection(SolutionProperties) = preSolution
		HideSolutionNode = FALSE
	EndGlobalSection
EndGlobal
